
Microsoft Visual Studio Solution File, Format Version 12.00
# Visual Studio Version 16
VisualStudioVersion = 16.0.30204.135
MinimumVisualStudioVersion = 10.0.40219.1
Project("{FAE04EC0-301F-11D3-BF4B-00C04F79EFBC}") = "RusDictionary", "RusDictionary.csproj", "{FE523E5B-A20D-432F-918B-3E2740B3C46A}"
EndProject
Project("{2150E333-8FDC-42A3-9474-1A3956D46DE8}") = "Solution Items", "Solution Items", "{E603281A-6B3E-46B9-8355-4AAF8E7B87C7}"
	ProjectSection(SolutionItems) = preProject
		.editorconfig = .editorconfig
	EndProjectSection
EndProject
Project("{FAE04EC0-301F-11D3-BF4B-00C04F79EFBC}") = "IPMaskedTextBox", "C:\Users\myrka\Desktop\IP-MaskedTextBox-master\IPMaskedTextBox\IPMaskedTextBox.csproj", "{E1B94377-D545-4B9D-A2D1-A2AE1AFF87DA}"
EndProject
Global
	GlobalSection(SolutionConfigurationPlatforms) = preSolution
		Debug|Any CPU = Debug|Any CPU
		Release|Any CPU = Release|Any CPU
	EndGlobalSection
	GlobalSection(ProjectConfigurationPlatforms) = postSolution
		{FE523E5B-A20D-432F-918B-3E2740B3C46A}.Debug|Any CPU.ActiveCfg = Debug|Any CPU
		{FE523E5B-A20D-432F-918B-3E2740B3C46A}.Debug|Any CPU.Build.0 = Debug|Any CPU
		{FE523E5B-A20D-432F-918B-3E2740B3C46A}.Release|Any CPU.ActiveCfg = Release|Any CPU
		{FE523E5B-A20D-432F-918B-3E2740B3C46A}.Release|Any CPU.Build.0 = Release|Any CPU
		{E1B94377-D545-4B9D-A2D1-A2AE1AFF87DA}.Debug|Any CPU.ActiveCfg = Debug|Any CPU
		{E1B94377-D545-4B9D-A2D1-A2AE1AFF87DA}.Debug|Any CPU.Build.0 = Debug|Any CPU
		{E1B94377-D545-4B9D-A2D1-A2AE1AFF87DA}.Release|Any CPU.ActiveCfg = Release|Any CPU
		{E1B94377-D545-4B9D-A2D1-A2AE1AFF87DA}.Release|Any CPU.Build.0 = Release|Any CPU
	EndGlobalSection
	GlobalSection(SolutionProperties) = preSolution
		HideSolutionNode = FALSE
	EndGlobalSection
	GlobalSection(ExtensibilityGlobals) = postSolution
		SolutionGuid = {937D6F7C-7D1D-4338-9E96-3DB256D572C5}
	EndGlobalSection
EndGlobal
